
Microsoft Visual Studio Solution File, Format Version 12.00
# Visual Studio Version 17
VisualStudioVersion = 17.4.33213.308
MinimumVisualStudioVersion = 10.0.40219.1
Project("{FAE04EC0-301F-11D3-BF4B-00C04F79EFBC}") = "Cadastrocliente", "Cadastrocliente\Cadastrocliente.csproj", "{5BDDEF51-AE0D-4FEE-A17A-983C480DE08E}"
EndProject
Global
	GlobalSection(SolutionConfigurationPlatforms) = preSolution
		Debug|Any CPU = Debug|Any CPU
		Release|Any CPU = Release|Any CPU
	EndGlobalSection
	GlobalSection(ProjectConfigurationPlatforms) = postSolution
		{5BDDEF51-AE0D-4FEE-A17A-983C480DE08E}.Debug|Any CPU.ActiveCfg = Debug|Any CPU
		{5BDDEF51-AE0D-4FEE-A17A-983C480DE08E}.Debug|Any CPU.Build.0 = Debug|Any CPU
		{5BDDEF51-AE0D-4FEE-A17A-983C480DE08E}.Release|Any CPU.ActiveCfg = Release|Any CPU
		{5BDDEF51-AE0D-4FEE-A17A-983C480DE08E}.Release|Any CPU.Build.0 = Release|Any CPU
	EndGlobalSection
	GlobalSection(SolutionProperties) = preSolution
		HideSolutionNode = FALSE
	EndGlobalSection
	GlobalSection(ExtensibilityGlobals) = postSolution
		SolutionGuid = {6669A84E-6C7E-4D76-BE36-F6920F5148FE}
	EndGlobalSection
EndGlobal
